Microsoft Visual Studio Solution File, Format Version 12.00
# Visual Studio Version 17
VisualStudioVersion = 17.14.36327.8
MinimumVisualStudioVersion = 10.0.40219.1
Project("{FAE04EC0-301F-11D3-BF4B-00C04F79EFBC}") = "Tomeshelf.AppHost", "src\Tomeshelf.AppHost\Tomeshelf.AppHost.csproj", "{12AE4B0E-AFBF-4783-9F8E-3AB91AA2D122}"
EndProject
Project("{FAE04EC0-301F-11D3-BF4B-00C04F79EFBC}") = "Tomeshelf.ServiceDefaults", "src\Tomeshelf.ServiceDefaults\Tomeshelf.ServiceDefaults.csproj", "{BFA4BDEC-BDBB-4932-948B-AE01F52AAAF6}"
EndProject
Project("{FAE04EC0-301F-11D3-BF4B-00C04F79EFBC}") = "Tomeshelf.Tests", "tests\Tomeshelf.Tests\Tomeshelf.Tests.csproj", "{F5594A16-CB7B-3454-1493-4E58B98A4A92}"
EndProject
Project("{2150E333-8FDC-42A3-9474-1A3956D46DE8}") = "src", "src", "{02EA681E-C7D8-13C7-8484-4AC65E1B71E8}"
EndProject
Project("{2150E333-8FDC-42A3-9474-1A3956D46DE8}") = "tests", "tests", "{50E3E514-B348-447A-A33E-1F96291EE781}"
EndProject
Project("{FAE04EC0-301F-11D3-BF4B-00C04F79EFBC}") = "Tomeshelf.Web", "src\Tomeshelf.Web\Tomeshelf.Web.csproj", "{E12C7D7F-3BD5-3A71-B824-98B088C320BB}"
EndProject
Project("{FAE04EC0-301F-11D3-BF4B-00C04F79EFBC}") = "Tomeshelf.Api", "src\Tomeshelf.Api\Tomeshelf.Api.csproj", "{EF6856B8-2858-C4D1-96BB-9E1D5526C3B5}"
EndProject
Global
	GlobalSection(SolutionConfigurationPlatforms) = preSolution
		Debug|Any CPU = Debug|Any CPU
		Release|Any CPU = Release|Any CPU
	EndGlobalSection
	GlobalSection(ProjectConfigurationPlatforms) = postSolution
		{12AE4B0E-AFBF-4783-9F8E-3AB91AA2D122}.Debug|Any CPU.ActiveCfg = Debug|Any CPU
		{12AE4B0E-AFBF-4783-9F8E-3AB91AA2D122}.Debug|Any CPU.Build.0 = Debug|Any CPU
		{12AE4B0E-AFBF-4783-9F8E-3AB91AA2D122}.Release|Any CPU.ActiveCfg = Release|Any CPU
		{12AE4B0E-AFBF-4783-9F8E-3AB91AA2D122}.Release|Any CPU.Build.0 = Release|Any CPU
		{BFA4BDEC-BDBB-4932-948B-AE01F52AAAF6}.Debug|Any CPU.ActiveCfg = Debug|Any CPU
		{BFA4BDEC-BDBB-4932-948B-AE01F52AAAF6}.Debug|Any CPU.Build.0 = Debug|Any CPU
		{BFA4BDEC-BDBB-4932-948B-AE01F52AAAF6}.Release|Any CPU.ActiveCfg = Release|Any CPU
		{BFA4BDEC-BDBB-4932-948B-AE01F52AAAF6}.Release|Any CPU.Build.0 = Release|Any CPU
		{F5594A16-CB7B-3454-1493-4E58B98A4A92}.Debug|Any CPU.ActiveCfg = Debug|Any CPU
		{F5594A16-CB7B-3454-1493-4E58B98A4A92}.Debug|Any CPU.Build.0 = Debug|Any CPU
		{F5594A16-CB7B-3454-1493-4E58B98A4A92}.Release|Any CPU.ActiveCfg = Release|Any CPU
		{F5594A16-CB7B-3454-1493-4E58B98A4A92}.Release|Any CPU.Build.0 = Release|Any CPU
		{E12C7D7F-3BD5-3A71-B824-98B088C320BB}.Debug|Any CPU.ActiveCfg = Debug|Any CPU
		{E12C7D7F-3BD5-3A71-B824-98B088C320BB}.Debug|Any CPU.Build.0 = Debug|Any CPU
		{E12C7D7F-3BD5-3A71-B824-98B088C320BB}.Release|Any CPU.ActiveCfg = Release|Any CPU
		{E12C7D7F-3BD5-3A71-B824-98B088C320BB}.Release|Any CPU.Build.0 = Release|Any CPU
		{EF6856B8-2858-C4D1-96BB-9E1D5526C3B5}.Debug|Any CPU.ActiveCfg = Debug|Any CPU
		{EF6856B8-2858-C4D1-96BB-9E1D5526C3B5}.Debug|Any CPU.Build.0 = Debug|Any CPU
		{EF6856B8-2858-C4D1-96BB-9E1D5526C3B5}.Release|Any CPU.ActiveCfg = Release|Any CPU
		{EF6856B8-2858-C4D1-96BB-9E1D5526C3B5}.Release|Any CPU.Build.0 = Release|Any CPU
	EndGlobalSection
	GlobalSection(SolutionProperties) = preSolution
		HideSolutionNode = FALSE
	EndGlobalSection
	GlobalSection(NestedProjects) = preSolution
		{12AE4B0E-AFBF-4783-9F8E-3AB91AA2D122} = {02EA681E-C7D8-13C7-8484-4AC65E1B71E8}
		{BFA4BDEC-BDBB-4932-948B-AE01F52AAAF6} = {02EA681E-C7D8-13C7-8484-4AC65E1B71E8}
		{F5594A16-CB7B-3454-1493-4E58B98A4A92} = {50E3E514-B348-447A-A33E-1F96291EE781}
		{E12C7D7F-3BD5-3A71-B824-98B088C320BB} = {02EA681E-C7D8-13C7-8484-4AC65E1B71E8}
		{EF6856B8-2858-C4D1-96BB-9E1D5526C3B5} = {02EA681E-C7D8-13C7-8484-4AC65E1B71E8}
	EndGlobalSection
	GlobalSection(ExtensibilityGlobals) = postSolution
		SolutionGuid = {EC4EE561-E962-4E0D-A136-41DD12E8EE89}
	EndGlobalSection
EndGlobal
