
Microsoft Visual Studio Solution File, Format Version 12.00
# Visual Studio Version 18
VisualStudioVersion = 18.0.11201.2
MinimumVisualStudioVersion = 10.0.40219.1
Project("{FAE04EC0-301F-11D3-BF4B-00C04F79EFBC}") = "Tomeshelf.AppHost", "src\apphost\Tomeshelf.AppHost\Tomeshelf.AppHost.csproj", "{12AE4B0E-AFBF-4783-9F8E-3AB91AA2D122}"
EndProject
Project("{FAE04EC0-301F-11D3-BF4B-00C04F79EFBC}") = "Tomeshelf.ServiceDefaults", "src\service-defaults\Tomeshelf.ServiceDefaults\Tomeshelf.ServiceDefaults.csproj", "{BFA4BDEC-BDBB-4932-948B-AE01F52AAAF6}"
EndProject
Project("{2150E333-8FDC-42A3-9474-1A3956D46DE8}") = "src", "src", "{02EA681E-C7D8-13C7-8484-4AC65E1B71E8}"
EndProject
Project("{FAE04EC0-301F-11D3-BF4B-00C04F79EFBC}") = "Tomeshelf.Domain.Shared", "src\shared\Tomeshelf.Domain\Tomeshelf.Domain.Shared.csproj", "{F1A5B39D-64C6-45B9-A38E-250D4147BC22}"
EndProject
Project("{FAE04EC0-301F-11D3-BF4B-00C04F79EFBC}") = "Tomeshelf.Application.Shared", "src\shared\Tomeshelf.Application\Tomeshelf.Application.Shared.csproj", "{C32ECC36-3F53-47D5-BB27-7B08BB4BABC5}"
EndProject
Project("{FAE04EC0-301F-11D3-BF4B-00C04F79EFBC}") = "Tomeshelf.Infrastructure.Shared", "src\shared\Tomeshelf.Infrastructure\Tomeshelf.Infrastructure.Shared.csproj", "{4BBBFBE2-2DBF-4FCB-820C-A72E3545904B}"
EndProject
Project("{FAE04EC0-301F-11D3-BF4B-00C04F79EFBC}") = "Tomeshelf.HumbleBundle.Api", "src\services\humblebundle\Tomeshelf.HumbleBundle.Api\Tomeshelf.HumbleBundle.Api.csproj", "{BBD3EFE3-2FAA-B79C-3232-19105CD8D688}"
EndProject
Project("{FAE04EC0-301F-11D3-BF4B-00C04F79EFBC}") = "Tomeshelf.Fitbit.Api", "src\services\fitbit\Tomeshelf.Fitbit.Api\Tomeshelf.Fitbit.Api.csproj", "{F1E5A4C2-9B7F-4D2D-AC50-5EAF4496C1D9}"
EndProject
Project("{FAE04EC0-301F-11D3-BF4B-00C04F79EFBC}") = "Tomeshelf.Paissa.Api", "src\services\paissa\Tomeshelf.Paissa.Api\Tomeshelf.Paissa.Api.csproj", "{71243F8B-C381-472B-AA87-A372A78436C8}"
EndProject
Project("{2150E333-8FDC-42A3-9474-1A3956D46DE8}") = "services", "services", "{1E44240B-3136-4752-AE36-937588DAB6EA}"
EndProject
Project("{FAE04EC0-301F-11D3-BF4B-00C04F79EFBC}") = "Tomeshelf.FileUploader.Api", "src\services\fileuploader\Tomeshelf.FileUploader.Api\Tomeshelf.FileUploader.Api.csproj", "{5F3B9E8A-4CC6-4D10-B882-935E4BC65590}"
EndProject
Project("{FAE04EC0-301F-11D3-BF4B-00C04F79EFBC}") = "Tomeshelf.MCM.Api", "src\services\mcm\Tomeshelf.MCM.Api\Tomeshelf.MCM.Api.csproj", "{F268F65D-7A2A-688B-3533-704F6FBF8C8C}"
EndProject
Project("{2150E333-8FDC-42A3-9474-1A3956D46DE8}") = "web", "web", "{1E97B167-7F81-43AB-9433-420E07191E39}"
EndProject
Project("{FAE04EC0-301F-11D3-BF4B-00C04F79EFBC}") = "Tomeshelf.Web", "src\web\Tomeshelf.Web\Tomeshelf.Web.csproj", "{84041E8A-A9F1-90FA-15F1-49890573509B}"
EndProject
Project("{FAE04EC0-301F-11D3-BF4B-00C04F79EFBC}") = "Tomeshelf.Executor", "src\web\Tomeshelf.Executor\Tomeshelf.Executor.csproj", "{453E2CEF-401A-EEE1-04C5-F571D7B950AE}"
EndProject
Project("{FAE04EC0-301F-11D3-BF4B-00C04F79EFBC}") = "Tomeshelf.SHiFT.Api", "src\services\shift\Tomeshelf.SHiFT.Api\Tomeshelf.SHiFT.Api.csproj", "{227819B3-AE7F-6A0B-2F7E-49D8F0B50CBD}"
EndProject
Project("{2150E333-8FDC-42A3-9474-1A3956D46DE8}") = "apphost", "apphost", "{320816A4-E483-4234-995F-1D7808CEC54F}"
EndProject
Project("{2150E333-8FDC-42A3-9474-1A3956D46DE8}") = "service-defaults", "service-defaults", "{E8AEB78E-6C87-4A9A-8BED-64F7AF592034}"
EndProject
Project("{2150E333-8FDC-42A3-9474-1A3956D46DE8}") = "fileuploader", "fileuploader", "{549FF929-D830-4C59-BD81-4C9A18771A1B}"
EndProject
Project("{2150E333-8FDC-42A3-9474-1A3956D46DE8}") = "fitbit", "fitbit", "{B646A52A-2132-4E4E-B040-538A97534567}"
EndProject
Project("{2150E333-8FDC-42A3-9474-1A3956D46DE8}") = "humblebundle", "humblebundle", "{BD322EB2-F032-4FCB-8DD2-C4DEEDED5EF7}"
EndProject
Project("{2150E333-8FDC-42A3-9474-1A3956D46DE8}") = "mcm", "mcm", "{CE5F7463-2F6B-4D19-A68E-4C5274F0C56D}"
EndProject
Project("{2150E333-8FDC-42A3-9474-1A3956D46DE8}") = "paissa", "paissa", "{F9776FE3-FC53-47E1-808F-028EA0D50F01}"
EndProject
Project("{2150E333-8FDC-42A3-9474-1A3956D46DE8}") = "shift", "shift", "{1605F341-CEC1-4ED2-B998-ACFC893A2A2A}"
EndProject
Project("{2150E333-8FDC-42A3-9474-1A3956D46DE8}") = "shared", "shared", "{A5D7D06F-8B7C-400D-8A7C-AB00D237E99C}"
EndProject
Project("{FAE04EC0-301F-11D3-BF4B-00C04F79EFBC}") = "Tomeshelf.SHiFT.Domain", "src\services\shift\Tomeshelf.SHiFT.Domain\Tomeshelf.SHiFT.Domain.csproj", "{AA297458-B0A2-4706-A854-9A8EBFF7F734}"
EndProject
Project("{FAE04EC0-301F-11D3-BF4B-00C04F79EFBC}") = "Tomeshelf.SHiFT.Application", "src\services\shift\Tomeshelf.SHiFT.Application\Tomeshelf.SHiFT.Application.csproj", "{35484722-7143-474D-B496-2AD055548CF2}"
EndProject
Project("{FAE04EC0-301F-11D3-BF4B-00C04F79EFBC}") = "Tomeshelf.SHiFT.Infrastructure", "src\services\shift\Tomeshelf.SHiFT.Infrastructure\Tomeshelf.SHiFT.Infrastructure.csproj", "{634EF2B7-C681-4A60-A920-B404E9B2D8BB}"
EndProject
Global
	GlobalSection(SolutionConfigurationPlatforms) = preSolution
		Debug|Any CPU = Debug|Any CPU
		Debug|x64 = Debug|x64
		Debug|x86 = Debug|x86
		Release|Any CPU = Release|Any CPU
		Release|x64 = Release|x64
		Release|x86 = Release|x86
	EndGlobalSection
	GlobalSection(ProjectConfigurationPlatforms) = postSolution
		{12AE4B0E-AFBF-4783-9F8E-3AB91AA2D122}.Debug|Any CPU.ActiveCfg = Debug|Any CPU
		{12AE4B0E-AFBF-4783-9F8E-3AB91AA2D122}.Debug|Any CPU.Build.0 = Debug|Any CPU
		{12AE4B0E-AFBF-4783-9F8E-3AB91AA2D122}.Debug|x64.ActiveCfg = Debug|Any CPU
		{12AE4B0E-AFBF-4783-9F8E-3AB91AA2D122}.Debug|x64.Build.0 = Debug|Any CPU
		{12AE4B0E-AFBF-4783-9F8E-3AB91AA2D122}.Debug|x86.ActiveCfg = Debug|Any CPU
		{12AE4B0E-AFBF-4783-9F8E-3AB91AA2D122}.Debug|x86.Build.0 = Debug|Any CPU
		{12AE4B0E-AFBF-4783-9F8E-3AB91AA2D122}.Release|Any CPU.ActiveCfg = Release|Any CPU
		{12AE4B0E-AFBF-4783-9F8E-3AB91AA2D122}.Release|Any CPU.Build.0 = Release|Any CPU
		{12AE4B0E-AFBF-4783-9F8E-3AB91AA2D122}.Release|x64.ActiveCfg = Release|Any CPU
		{12AE4B0E-AFBF-4783-9F8E-3AB91AA2D122}.Release|x64.Build.0 = Release|Any CPU
		{12AE4B0E-AFBF-4783-9F8E-3AB91AA2D122}.Release|x86.ActiveCfg = Release|Any CPU
		{12AE4B0E-AFBF-4783-9F8E-3AB91AA2D122}.Release|x86.Build.0 = Release|Any CPU
		{BFA4BDEC-BDBB-4932-948B-AE01F52AAAF6}.Debug|Any CPU.ActiveCfg = Debug|Any CPU
		{BFA4BDEC-BDBB-4932-948B-AE01F52AAAF6}.Debug|Any CPU.Build.0 = Debug|Any CPU
		{BFA4BDEC-BDBB-4932-948B-AE01F52AAAF6}.Debug|x64.ActiveCfg = Debug|Any CPU
		{BFA4BDEC-BDBB-4932-948B-AE01F52AAAF6}.Debug|x64.Build.0 = Debug|Any CPU
		{BFA4BDEC-BDBB-4932-948B-AE01F52AAAF6}.Debug|x86.ActiveCfg = Debug|Any CPU
		{BFA4BDEC-BDBB-4932-948B-AE01F52AAAF6}.Debug|x86.Build.0 = Debug|Any CPU
		{BFA4BDEC-BDBB-4932-948B-AE01F52AAAF6}.Release|Any CPU.ActiveCfg = Release|Any CPU
		{BFA4BDEC-BDBB-4932-948B-AE01F52AAAF6}.Release|Any CPU.Build.0 = Release|Any CPU
		{BFA4BDEC-BDBB-4932-948B-AE01F52AAAF6}.Release|x64.ActiveCfg = Release|Any CPU
		{BFA4BDEC-BDBB-4932-948B-AE01F52AAAF6}.Release|x64.Build.0 = Release|Any CPU
		{BFA4BDEC-BDBB-4932-948B-AE01F52AAAF6}.Release|x86.ActiveCfg = Release|Any CPU
		{BFA4BDEC-BDBB-4932-948B-AE01F52AAAF6}.Release|x86.Build.0 = Release|Any CPU
		{F1A5B39D-64C6-45B9-A38E-250D4147BC22}.Debug|Any CPU.ActiveCfg = Debug|Any CPU
		{F1A5B39D-64C6-45B9-A38E-250D4147BC22}.Debug|Any CPU.Build.0 = Debug|Any CPU
		{F1A5B39D-64C6-45B9-A38E-250D4147BC22}.Debug|x64.ActiveCfg = Debug|Any CPU
		{F1A5B39D-64C6-45B9-A38E-250D4147BC22}.Debug|x64.Build.0 = Debug|Any CPU
		{F1A5B39D-64C6-45B9-A38E-250D4147BC22}.Debug|x86.ActiveCfg = Debug|Any CPU
		{F1A5B39D-64C6-45B9-A38E-250D4147BC22}.Debug|x86.Build.0 = Debug|Any CPU
		{F1A5B39D-64C6-45B9-A38E-250D4147BC22}.Release|Any CPU.ActiveCfg = Release|Any CPU
		{F1A5B39D-64C6-45B9-A38E-250D4147BC22}.Release|Any CPU.Build.0 = Release|Any CPU
		{F1A5B39D-64C6-45B9-A38E-250D4147BC22}.Release|x64.ActiveCfg = Release|Any CPU
		{F1A5B39D-64C6-45B9-A38E-250D4147BC22}.Release|x64.Build.0 = Release|Any CPU
		{F1A5B39D-64C6-45B9-A38E-250D4147BC22}.Release|x86.ActiveCfg = Release|Any CPU
		{F1A5B39D-64C6-45B9-A38E-250D4147BC22}.Release|x86.Build.0 = Release|Any CPU
		{C32ECC36-3F53-47D5-BB27-7B08BB4BABC5}.Debug|Any CPU.ActiveCfg = Debug|Any CPU
		{C32ECC36-3F53-47D5-BB27-7B08BB4BABC5}.Debug|Any CPU.Build.0 = Debug|Any CPU
		{C32ECC36-3F53-47D5-BB27-7B08BB4BABC5}.Debug|x64.ActiveCfg = Debug|Any CPU
		{C32ECC36-3F53-47D5-BB27-7B08BB4BABC5}.Debug|x64.Build.0 = Debug|Any CPU
		{C32ECC36-3F53-47D5-BB27-7B08BB4BABC5}.Debug|x86.ActiveCfg = Debug|Any CPU
		{C32ECC36-3F53-47D5-BB27-7B08BB4BABC5}.Debug|x86.Build.0 = Debug|Any CPU
		{C32ECC36-3F53-47D5-BB27-7B08BB4BABC5}.Release|Any CPU.ActiveCfg = Release|Any CPU
		{C32ECC36-3F53-47D5-BB27-7B08BB4BABC5}.Release|Any CPU.Build.0 = Release|Any CPU
		{C32ECC36-3F53-47D5-BB27-7B08BB4BABC5}.Release|x64.ActiveCfg = Release|Any CPU
		{C32ECC36-3F53-47D5-BB27-7B08BB4BABC5}.Release|x64.Build.0 = Release|Any CPU
		{C32ECC36-3F53-47D5-BB27-7B08BB4BABC5}.Release|x86.ActiveCfg = Release|Any CPU
		{C32ECC36-3F53-47D5-BB27-7B08BB4BABC5}.Release|x86.Build.0 = Release|Any CPU
		{4BBBFBE2-2DBF-4FCB-820C-A72E3545904B}.Debug|Any CPU.ActiveCfg = Debug|Any CPU
		{4BBBFBE2-2DBF-4FCB-820C-A72E3545904B}.Debug|Any CPU.Build.0 = Debug|Any CPU
		{4BBBFBE2-2DBF-4FCB-820C-A72E3545904B}.Debug|x64.ActiveCfg = Debug|Any CPU
		{4BBBFBE2-2DBF-4FCB-820C-A72E3545904B}.Debug|x64.Build.0 = Debug|Any CPU
		{4BBBFBE2-2DBF-4FCB-820C-A72E3545904B}.Debug|x86.ActiveCfg = Debug|Any CPU
		{4BBBFBE2-2DBF-4FCB-820C-A72E3545904B}.Debug|x86.Build.0 = Debug|Any CPU
		{4BBBFBE2-2DBF-4FCB-820C-A72E3545904B}.Release|Any CPU.ActiveCfg = Release|Any CPU
		{4BBBFBE2-2DBF-4FCB-820C-A72E3545904B}.Release|Any CPU.Build.0 = Release|Any CPU
		{4BBBFBE2-2DBF-4FCB-820C-A72E3545904B}.Release|x64.ActiveCfg = Release|Any CPU
		{4BBBFBE2-2DBF-4FCB-820C-A72E3545904B}.Release|x64.Build.0 = Release|Any CPU
		{4BBBFBE2-2DBF-4FCB-820C-A72E3545904B}.Release|x86.ActiveCfg = Release|Any CPU
		{4BBBFBE2-2DBF-4FCB-820C-A72E3545904B}.Release|x86.Build.0 = Release|Any CPU
		{BBD3EFE3-2FAA-B79C-3232-19105CD8D688}.Debug|Any CPU.ActiveCfg = Debug|Any CPU
		{BBD3EFE3-2FAA-B79C-3232-19105CD8D688}.Debug|Any CPU.Build.0 = Debug|Any CPU
		{BBD3EFE3-2FAA-B79C-3232-19105CD8D688}.Debug|x64.ActiveCfg = Debug|Any CPU
		{BBD3EFE3-2FAA-B79C-3232-19105CD8D688}.Debug|x64.Build.0 = Debug|Any CPU
		{BBD3EFE3-2FAA-B79C-3232-19105CD8D688}.Debug|x86.ActiveCfg = Debug|Any CPU
		{BBD3EFE3-2FAA-B79C-3232-19105CD8D688}.Debug|x86.Build.0 = Debug|Any CPU
		{BBD3EFE3-2FAA-B79C-3232-19105CD8D688}.Release|Any CPU.ActiveCfg = Release|Any CPU
		{BBD3EFE3-2FAA-B79C-3232-19105CD8D688}.Release|Any CPU.Build.0 = Release|Any CPU
		{BBD3EFE3-2FAA-B79C-3232-19105CD8D688}.Release|x64.ActiveCfg = Release|Any CPU
		{BBD3EFE3-2FAA-B79C-3232-19105CD8D688}.Release|x64.Build.0 = Release|Any CPU
		{BBD3EFE3-2FAA-B79C-3232-19105CD8D688}.Release|x86.ActiveCfg = Release|Any CPU
		{BBD3EFE3-2FAA-B79C-3232-19105CD8D688}.Release|x86.Build.0 = Release|Any CPU
		{F1E5A4C2-9B7F-4D2D-AC50-5EAF4496C1D9}.Debug|Any CPU.ActiveCfg = Debug|Any CPU
		{F1E5A4C2-9B7F-4D2D-AC50-5EAF4496C1D9}.Debug|Any CPU.Build.0 = Debug|Any CPU
		{F1E5A4C2-9B7F-4D2D-AC50-5EAF4496C1D9}.Debug|x64.ActiveCfg = Debug|Any CPU
		{F1E5A4C2-9B7F-4D2D-AC50-5EAF4496C1D9}.Debug|x64.Build.0 = Debug|Any CPU
		{F1E5A4C2-9B7F-4D2D-AC50-5EAF4496C1D9}.Debug|x86.ActiveCfg = Debug|Any CPU
		{F1E5A4C2-9B7F-4D2D-AC50-5EAF4496C1D9}.Debug|x86.Build.0 = Debug|Any CPU
		{F1E5A4C2-9B7F-4D2D-AC50-5EAF4496C1D9}.Release|Any CPU.ActiveCfg = Release|Any CPU
		{F1E5A4C2-9B7F-4D2D-AC50-5EAF4496C1D9}.Release|Any CPU.Build.0 = Release|Any CPU
		{F1E5A4C2-9B7F-4D2D-AC50-5EAF4496C1D9}.Release|x64.ActiveCfg = Release|Any CPU
		{F1E5A4C2-9B7F-4D2D-AC50-5EAF4496C1D9}.Release|x64.Build.0 = Release|Any CPU
		{F1E5A4C2-9B7F-4D2D-AC50-5EAF4496C1D9}.Release|x86.ActiveCfg = Release|Any CPU
		{F1E5A4C2-9B7F-4D2D-AC50-5EAF4496C1D9}.Release|x86.Build.0 = Release|Any CPU
		{71243F8B-C381-472B-AA87-A372A78436C8}.Debug|Any CPU.ActiveCfg = Debug|Any CPU
		{71243F8B-C381-472B-AA87-A372A78436C8}.Debug|Any CPU.Build.0 = Debug|Any CPU
		{71243F8B-C381-472B-AA87-A372A78436C8}.Debug|x64.ActiveCfg = Debug|Any CPU
		{71243F8B-C381-472B-AA87-A372A78436C8}.Debug|x64.Build.0 = Debug|Any CPU
		{71243F8B-C381-472B-AA87-A372A78436C8}.Debug|x86.ActiveCfg = Debug|Any CPU
		{71243F8B-C381-472B-AA87-A372A78436C8}.Debug|x86.Build.0 = Debug|Any CPU
		{71243F8B-C381-472B-AA87-A372A78436C8}.Release|Any CPU.ActiveCfg = Release|Any CPU
		{71243F8B-C381-472B-AA87-A372A78436C8}.Release|Any CPU.Build.0 = Release|Any CPU
		{71243F8B-C381-472B-AA87-A372A78436C8}.Release|x64.ActiveCfg = Release|Any CPU
		{71243F8B-C381-472B-AA87-A372A78436C8}.Release|x64.Build.0 = Release|Any CPU
		{71243F8B-C381-472B-AA87-A372A78436C8}.Release|x86.ActiveCfg = Release|Any CPU
		{71243F8B-C381-472B-AA87-A372A78436C8}.Release|x86.Build.0 = Release|Any CPU
		{5F3B9E8A-4CC6-4D10-B882-935E4BC65590}.Debug|Any CPU.ActiveCfg = Debug|Any CPU
		{5F3B9E8A-4CC6-4D10-B882-935E4BC65590}.Debug|Any CPU.Build.0 = Debug|Any CPU
		{5F3B9E8A-4CC6-4D10-B882-935E4BC65590}.Debug|x64.ActiveCfg = Debug|Any CPU
		{5F3B9E8A-4CC6-4D10-B882-935E4BC65590}.Debug|x64.Build.0 = Debug|Any CPU
		{5F3B9E8A-4CC6-4D10-B882-935E4BC65590}.Debug|x86.ActiveCfg = Debug|Any CPU
		{5F3B9E8A-4CC6-4D10-B882-935E4BC65590}.Debug|x86.Build.0 = Debug|Any CPU
		{5F3B9E8A-4CC6-4D10-B882-935E4BC65590}.Release|Any CPU.ActiveCfg = Release|Any CPU
		{5F3B9E8A-4CC6-4D10-B882-935E4BC65590}.Release|Any CPU.Build.0 = Release|Any CPU
		{5F3B9E8A-4CC6-4D10-B882-935E4BC65590}.Release|x64.ActiveCfg = Release|Any CPU
		{5F3B9E8A-4CC6-4D10-B882-935E4BC65590}.Release|x64.Build.0 = Release|Any CPU
		{5F3B9E8A-4CC6-4D10-B882-935E4BC65590}.Release|x86.ActiveCfg = Release|Any CPU
		{5F3B9E8A-4CC6-4D10-B882-935E4BC65590}.Release|x86.Build.0 = Release|Any CPU
		{F268F65D-7A2A-688B-3533-704F6FBF8C8C}.Debug|Any CPU.ActiveCfg = Debug|Any CPU
		{F268F65D-7A2A-688B-3533-704F6FBF8C8C}.Debug|Any CPU.Build.0 = Debug|Any CPU
		{F268F65D-7A2A-688B-3533-704F6FBF8C8C}.Debug|x64.ActiveCfg = Debug|Any CPU
		{F268F65D-7A2A-688B-3533-704F6FBF8C8C}.Debug|x64.Build.0 = Debug|Any CPU
		{F268F65D-7A2A-688B-3533-704F6FBF8C8C}.Debug|x86.ActiveCfg = Debug|Any CPU
		{F268F65D-7A2A-688B-3533-704F6FBF8C8C}.Debug|x86.Build.0 = Debug|Any CPU
		{F268F65D-7A2A-688B-3533-704F6FBF8C8C}.Release|Any CPU.ActiveCfg = Release|Any CPU
		{F268F65D-7A2A-688B-3533-704F6FBF8C8C}.Release|Any CPU.Build.0 = Release|Any CPU
		{F268F65D-7A2A-688B-3533-704F6FBF8C8C}.Release|x64.ActiveCfg = Release|Any CPU
		{F268F65D-7A2A-688B-3533-704F6FBF8C8C}.Release|x64.Build.0 = Release|Any CPU
		{F268F65D-7A2A-688B-3533-704F6FBF8C8C}.Release|x86.ActiveCfg = Release|Any CPU
		{F268F65D-7A2A-688B-3533-704F6FBF8C8C}.Release|x86.Build.0 = Release|Any CPU
		{84041E8A-A9F1-90FA-15F1-49890573509B}.Debug|Any CPU.ActiveCfg = Debug|Any CPU
		{84041E8A-A9F1-90FA-15F1-49890573509B}.Debug|Any CPU.Build.0 = Debug|Any CPU
		{84041E8A-A9F1-90FA-15F1-49890573509B}.Debug|x64.ActiveCfg = Debug|Any CPU
		{84041E8A-A9F1-90FA-15F1-49890573509B}.Debug|x64.Build.0 = Debug|Any CPU
		{84041E8A-A9F1-90FA-15F1-49890573509B}.Debug|x86.ActiveCfg = Debug|Any CPU
		{84041E8A-A9F1-90FA-15F1-49890573509B}.Debug|x86.Build.0 = Debug|Any CPU
		{84041E8A-A9F1-90FA-15F1-49890573509B}.Release|Any CPU.ActiveCfg = Release|Any CPU
		{84041E8A-A9F1-90FA-15F1-49890573509B}.Release|Any CPU.Build.0 = Release|Any CPU
		{84041E8A-A9F1-90FA-15F1-49890573509B}.Release|x64.ActiveCfg = Release|Any CPU
		{84041E8A-A9F1-90FA-15F1-49890573509B}.Release|x64.Build.0 = Release|Any CPU
		{84041E8A-A9F1-90FA-15F1-49890573509B}.Release|x86.ActiveCfg = Release|Any CPU
		{84041E8A-A9F1-90FA-15F1-49890573509B}.Release|x86.Build.0 = Release|Any CPU
		{453E2CEF-401A-EEE1-04C5-F571D7B950AE}.Debug|Any CPU.ActiveCfg = Debug|Any CPU
		{453E2CEF-401A-EEE1-04C5-F571D7B950AE}.Debug|Any CPU.Build.0 = Debug|Any CPU
		{453E2CEF-401A-EEE1-04C5-F571D7B950AE}.Debug|x64.ActiveCfg = Debug|Any CPU
		{453E2CEF-401A-EEE1-04C5-F571D7B950AE}.Debug|x64.Build.0 = Debug|Any CPU
		{453E2CEF-401A-EEE1-04C5-F571D7B950AE}.Debug|x86.ActiveCfg = Debug|Any CPU
		{453E2CEF-401A-EEE1-04C5-F571D7B950AE}.Debug|x86.Build.0 = Debug|Any CPU
		{453E2CEF-401A-EEE1-04C5-F571D7B950AE}.Release|Any CPU.ActiveCfg = Release|Any CPU
		{453E2CEF-401A-EEE1-04C5-F571D7B950AE}.Release|Any CPU.Build.0 = Release|Any CPU
		{453E2CEF-401A-EEE1-04C5-F571D7B950AE}.Release|x64.ActiveCfg = Release|Any CPU
		{453E2CEF-401A-EEE1-04C5-F571D7B950AE}.Release|x64.Build.0 = Release|Any CPU
		{453E2CEF-401A-EEE1-04C5-F571D7B950AE}.Release|x86.ActiveCfg = Release|Any CPU
		{453E2CEF-401A-EEE1-04C5-F571D7B950AE}.Release|x86.Build.0 = Release|Any CPU
		{227819B3-AE7F-6A0B-2F7E-49D8F0B50CBD}.Debug|Any CPU.ActiveCfg = Debug|Any CPU
		{227819B3-AE7F-6A0B-2F7E-49D8F0B50CBD}.Debug|Any CPU.Build.0 = Debug|Any CPU
		{227819B3-AE7F-6A0B-2F7E-49D8F0B50CBD}.Debug|x64.ActiveCfg = Debug|Any CPU
		{227819B3-AE7F-6A0B-2F7E-49D8F0B50CBD}.Debug|x64.Build.0 = Debug|Any CPU
		{227819B3-AE7F-6A0B-2F7E-49D8F0B50CBD}.Debug|x86.ActiveCfg = Debug|Any CPU
		{227819B3-AE7F-6A0B-2F7E-49D8F0B50CBD}.Debug|x86.Build.0 = Debug|Any CPU
		{227819B3-AE7F-6A0B-2F7E-49D8F0B50CBD}.Release|Any CPU.ActiveCfg = Release|Any CPU
		{227819B3-AE7F-6A0B-2F7E-49D8F0B50CBD}.Release|Any CPU.Build.0 = Release|Any CPU
		{227819B3-AE7F-6A0B-2F7E-49D8F0B50CBD}.Release|x64.ActiveCfg = Release|Any CPU
		{227819B3-AE7F-6A0B-2F7E-49D8F0B50CBD}.Release|x64.Build.0 = Release|Any CPU
		{227819B3-AE7F-6A0B-2F7E-49D8F0B50CBD}.Release|x86.ActiveCfg = Release|Any CPU
		{227819B3-AE7F-6A0B-2F7E-49D8F0B50CBD}.Release|x86.Build.0 = Release|Any CPU
		{AA297458-B0A2-4706-A854-9A8EBFF7F734}.Debug|Any CPU.ActiveCfg = Debug|Any CPU
		{AA297458-B0A2-4706-A854-9A8EBFF7F734}.Debug|Any CPU.Build.0 = Debug|Any CPU
		{AA297458-B0A2-4706-A854-9A8EBFF7F734}.Debug|x64.ActiveCfg = Debug|Any CPU
		{AA297458-B0A2-4706-A854-9A8EBFF7F734}.Debug|x64.Build.0 = Debug|Any CPU
		{AA297458-B0A2-4706-A854-9A8EBFF7F734}.Debug|x86.ActiveCfg = Debug|Any CPU
		{AA297458-B0A2-4706-A854-9A8EBFF7F734}.Debug|x86.Build.0 = Debug|Any CPU
		{AA297458-B0A2-4706-A854-9A8EBFF7F734}.Release|Any CPU.ActiveCfg = Release|Any CPU
		{AA297458-B0A2-4706-A854-9A8EBFF7F734}.Release|Any CPU.Build.0 = Release|Any CPU
		{AA297458-B0A2-4706-A854-9A8EBFF7F734}.Release|x64.ActiveCfg = Release|Any CPU
		{AA297458-B0A2-4706-A854-9A8EBFF7F734}.Release|x64.Build.0 = Release|Any CPU
		{AA297458-B0A2-4706-A854-9A8EBFF7F734}.Release|x86.ActiveCfg = Release|Any CPU
		{AA297458-B0A2-4706-A854-9A8EBFF7F734}.Release|x86.Build.0 = Release|Any CPU
		{35484722-7143-474D-B496-2AD055548CF2}.Debug|Any CPU.ActiveCfg = Debug|Any CPU
		{35484722-7143-474D-B496-2AD055548CF2}.Debug|Any CPU.Build.0 = Debug|Any CPU
		{35484722-7143-474D-B496-2AD055548CF2}.Debug|x64.ActiveCfg = Debug|Any CPU
		{35484722-7143-474D-B496-2AD055548CF2}.Debug|x64.Build.0 = Debug|Any CPU
		{35484722-7143-474D-B496-2AD055548CF2}.Debug|x86.ActiveCfg = Debug|Any CPU
		{35484722-7143-474D-B496-2AD055548CF2}.Debug|x86.Build.0 = Debug|Any CPU
		{35484722-7143-474D-B496-2AD055548CF2}.Release|Any CPU.ActiveCfg = Release|Any CPU
		{35484722-7143-474D-B496-2AD055548CF2}.Release|Any CPU.Build.0 = Release|Any CPU
		{35484722-7143-474D-B496-2AD055548CF2}.Release|x64.ActiveCfg = Release|Any CPU
		{35484722-7143-474D-B496-2AD055548CF2}.Release|x64.Build.0 = Release|Any CPU
		{35484722-7143-474D-B496-2AD055548CF2}.Release|x86.ActiveCfg = Release|Any CPU
		{35484722-7143-474D-B496-2AD055548CF2}.Release|x86.Build.0 = Release|Any CPU
		{634EF2B7-C681-4A60-A920-B404E9B2D8BB}.Debug|Any CPU.ActiveCfg = Debug|Any CPU
		{634EF2B7-C681-4A60-A920-B404E9B2D8BB}.Debug|Any CPU.Build.0 = Debug|Any CPU
		{634EF2B7-C681-4A60-A920-B404E9B2D8BB}.Debug|x64.ActiveCfg = Debug|Any CPU
		{634EF2B7-C681-4A60-A920-B404E9B2D8BB}.Debug|x64.Build.0 = Debug|Any CPU
		{634EF2B7-C681-4A60-A920-B404E9B2D8BB}.Debug|x86.ActiveCfg = Debug|Any CPU
		{634EF2B7-C681-4A60-A920-B404E9B2D8BB}.Debug|x86.Build.0 = Debug|Any CPU
		{634EF2B7-C681-4A60-A920-B404E9B2D8BB}.Release|Any CPU.ActiveCfg = Release|Any CPU
		{634EF2B7-C681-4A60-A920-B404E9B2D8BB}.Release|Any CPU.Build.0 = Release|Any CPU
		{634EF2B7-C681-4A60-A920-B404E9B2D8BB}.Release|x64.ActiveCfg = Release|Any CPU
		{634EF2B7-C681-4A60-A920-B404E9B2D8BB}.Release|x64.Build.0 = Release|Any CPU
		{634EF2B7-C681-4A60-A920-B404E9B2D8BB}.Release|x86.ActiveCfg = Release|Any CPU
		{634EF2B7-C681-4A60-A920-B404E9B2D8BB}.Release|x86.Build.0 = Release|Any CPU
	EndGlobalSection
	GlobalSection(SolutionProperties) = preSolution
		HideSolutionNode = FALSE
	EndGlobalSection
	GlobalSection(NestedProjects) = preSolution
		{12AE4B0E-AFBF-4783-9F8E-3AB91AA2D122} = {320816A4-E483-4234-995F-1D7808CEC54F}
		{BFA4BDEC-BDBB-4932-948B-AE01F52AAAF6} = {E8AEB78E-6C87-4A9A-8BED-64F7AF592034}
		{F1A5B39D-64C6-45B9-A38E-250D4147BC22} = {A5D7D06F-8B7C-400D-8A7C-AB00D237E99C}
		{C32ECC36-3F53-47D5-BB27-7B08BB4BABC5} = {A5D7D06F-8B7C-400D-8A7C-AB00D237E99C}
		{4BBBFBE2-2DBF-4FCB-820C-A72E3545904B} = {A5D7D06F-8B7C-400D-8A7C-AB00D237E99C}
		{BBD3EFE3-2FAA-B79C-3232-19105CD8D688} = {BD322EB2-F032-4FCB-8DD2-C4DEEDED5EF7}
		{F1E5A4C2-9B7F-4D2D-AC50-5EAF4496C1D9} = {B646A52A-2132-4E4E-B040-538A97534567}
		{71243F8B-C381-472B-AA87-A372A78436C8} = {F9776FE3-FC53-47E1-808F-028EA0D50F01}
		{1E44240B-3136-4752-AE36-937588DAB6EA} = {02EA681E-C7D8-13C7-8484-4AC65E1B71E8}
		{5F3B9E8A-4CC6-4D10-B882-935E4BC65590} = {549FF929-D830-4C59-BD81-4C9A18771A1B}
		{F268F65D-7A2A-688B-3533-704F6FBF8C8C} = {CE5F7463-2F6B-4D19-A68E-4C5274F0C56D}
		{1E97B167-7F81-43AB-9433-420E07191E39} = {02EA681E-C7D8-13C7-8484-4AC65E1B71E8}
		{84041E8A-A9F1-90FA-15F1-49890573509B} = {1E97B167-7F81-43AB-9433-420E07191E39}
		{453E2CEF-401A-EEE1-04C5-F571D7B950AE} = {1E97B167-7F81-43AB-9433-420E07191E39}
		{227819B3-AE7F-6A0B-2F7E-49D8F0B50CBD} = {1605F341-CEC1-4ED2-B998-ACFC893A2A2A}
		{320816A4-E483-4234-995F-1D7808CEC54F} = {02EA681E-C7D8-13C7-8484-4AC65E1B71E8}
		{E8AEB78E-6C87-4A9A-8BED-64F7AF592034} = {02EA681E-C7D8-13C7-8484-4AC65E1B71E8}
		{549FF929-D830-4C59-BD81-4C9A18771A1B} = {1E44240B-3136-4752-AE36-937588DAB6EA}
		{B646A52A-2132-4E4E-B040-538A97534567} = {1E44240B-3136-4752-AE36-937588DAB6EA}
		{BD322EB2-F032-4FCB-8DD2-C4DEEDED5EF7} = {1E44240B-3136-4752-AE36-937588DAB6EA}
		{CE5F7463-2F6B-4D19-A68E-4C5274F0C56D} = {1E44240B-3136-4752-AE36-937588DAB6EA}
		{F9776FE3-FC53-47E1-808F-028EA0D50F01} = {1E44240B-3136-4752-AE36-937588DAB6EA}
		{1605F341-CEC1-4ED2-B998-ACFC893A2A2A} = {1E44240B-3136-4752-AE36-937588DAB6EA}
		{A5D7D06F-8B7C-400D-8A7C-AB00D237E99C} = {02EA681E-C7D8-13C7-8484-4AC65E1B71E8}
		{AA297458-B0A2-4706-A854-9A8EBFF7F734} = {1605F341-CEC1-4ED2-B998-ACFC893A2A2A}
		{35484722-7143-474D-B496-2AD055548CF2} = {1605F341-CEC1-4ED2-B998-ACFC893A2A2A}
		{634EF2B7-C681-4A60-A920-B404E9B2D8BB} = {1605F341-CEC1-4ED2-B998-ACFC893A2A2A}
	EndGlobalSection
	GlobalSection(ExtensibilityGlobals) = postSolution
		SolutionGuid = {EC4EE561-E962-4E0D-A136-41DD12E8EE89}
	EndGlobalSection
EndGlobal
