
Microsoft Visual Studio Solution File, Format Version 12.00
# Visual Studio Version 17
VisualStudioVersion = 17.14.36518.9
MinimumVisualStudioVersion = 10.0.40219.1
Project("{FAE04EC0-301F-11D3-BF4B-00C04F79EFBC}") = "Tomeshelf.AppHost", "src\Tomeshelf.AppHost\Tomeshelf.AppHost.csproj", "{12AE4B0E-AFBF-4783-9F8E-3AB91AA2D122}"
EndProject
Project("{FAE04EC0-301F-11D3-BF4B-00C04F79EFBC}") = "Tomeshelf.ServiceDefaults", "src\Tomeshelf.ServiceDefaults\Tomeshelf.ServiceDefaults.csproj", "{BFA4BDEC-BDBB-4932-948B-AE01F52AAAF6}"
EndProject
Project("{2150E333-8FDC-42A3-9474-1A3956D46DE8}") = "src", "src", "{02EA681E-C7D8-13C7-8484-4AC65E1B71E8}"
EndProject
Project("{FAE04EC0-301F-11D3-BF4B-00C04F79EFBC}") = "Tomeshelf.Web", "src\Tomeshelf.Web\Tomeshelf.Web.csproj", "{E12C7D7F-3BD5-3A71-B824-98B088C320BB}"
EndProject
Project("{FAE04EC0-301F-11D3-BF4B-00C04F79EFBC}") = "Tomeshelf.ComicConApi", "src\Tomeshelf.ComicConApi\Tomeshelf.ComicConApi.csproj", "{EF6856B8-2858-C4D1-96BB-9E1D5526C3B5}"
EndProject
Project("{FAE04EC0-301F-11D3-BF4B-00C04F79EFBC}") = "Tomeshelf.Domain", "src\Tomeshelf.Domain\Tomeshelf.Domain.csproj", "{F1A5B39D-64C6-45B9-A38E-250D4147BC22}"
EndProject
Project("{FAE04EC0-301F-11D3-BF4B-00C04F79EFBC}") = "Tomeshelf.Application", "src\Tomeshelf.Application\Tomeshelf.Application.csproj", "{C32ECC36-3F53-47D5-BB27-7B08BB4BABC5}"
EndProject
Project("{FAE04EC0-301F-11D3-BF4B-00C04F79EFBC}") = "Tomeshelf.Infrastructure", "src\Tomeshelf.Infrastructure\Tomeshelf.Infrastructure.csproj", "{4BBBFBE2-2DBF-4FCB-820C-A72E3545904B}"
EndProject
Project("{2150E333-8FDC-42A3-9474-1A3956D46DE8}") = "tests", "tests", "{0AB3BF05-4346-4AA6-1389-037BE0695223}"
EndProject
Project("{FAE04EC0-301F-11D3-BF4B-00C04F79EFBC}") = "Tomeshelf.ComicConApi.Tests", "tests\Tomeshelf.ComicConApi.Tests\Tomeshelf.ComicConApi.Tests.csproj", "{B66F2DE6-0957-4C8F-86E8-964229BD227A}"
EndProject
Project("{FAE04EC0-301F-11D3-BF4B-00C04F79EFBC}") = "Tomeshelf.Web.Tests", "tests\Tomeshelf.Web.Tests\Tomeshelf.Web.Tests.csproj", "{2A31F818-51AC-40E0-9D6F-8B8568366908}"
EndProject
Project("{FAE04EC0-301F-11D3-BF4B-00C04F79EFBC}") = "Tomeshelf.Infrastructure.Tests", "tests\Tomeshelf.Infrastructure.Tests\Tomeshelf.Infrastructure.Tests.csproj", "{E3018E8C-9772-4EB5-92F1-9C3EE0B0B0D6}"
EndProject
Project("{FAE04EC0-301F-11D3-BF4B-00C04F79EFBC}") = "Tomeshelf.Application.Tests", "tests\Tomeshelf.Application.Tests\Tomeshelf.Application.Tests.csproj", "{22AF4EF4-DC94-4FF8-B6D0-1344111CB4E5}"
EndProject
Project("{FAE04EC0-301F-11D3-BF4B-00C04F79EFBC}") = "Tomeshelf.HumbleBundle.Api", "src\Tomeshelf.HumbleBundle.Api\Tomeshelf.HumbleBundle.Api.csproj", "{BBD3EFE3-2FAA-B79C-3232-19105CD8D688}"
EndProject
Project("{FAE04EC0-301F-11D3-BF4B-00C04F79EFBC}") = "Tomeshelf.Fitbit.Api", "src\Tomeshelf.Fitbit.Api\Tomeshelf.Fitbit.Api.csproj", "{F1E5A4C2-9B7F-4D2D-AC50-5EAF4496C1D9}"
EndProject
Project("{FAE04EC0-301F-11D3-BF4B-00C04F79EFBC}") = "Tomeshelf.Paissa.Api", "src\Tomeshelf.Paissa.Api\Tomeshelf.Paissa.Api.csproj", "{71243F8B-C381-472B-AA87-A372A78436C8}"
EndProject
Project("{FAE04EC0-301F-11D3-BF4B-00C04F79EFBC}") = "Tomeshelf.HumbleBundle.Api.Tests", "tests\Tomeshelf.HumbleBundle.Api.Tests\Tomeshelf.HumbleBundle.Api.Tests.csproj", "{A7765F7A-C25D-0F89-7708-E34019FACFB2}"
EndProject
Global
	GlobalSection(SolutionConfigurationPlatforms) = preSolution
		Debug|Any CPU = Debug|Any CPU
		Debug|x64 = Debug|x64
		Debug|x86 = Debug|x86
		Release|Any CPU = Release|Any CPU
		Release|x64 = Release|x64
		Release|x86 = Release|x86
	EndGlobalSection
	GlobalSection(ProjectConfigurationPlatforms) = postSolution
		{12AE4B0E-AFBF-4783-9F8E-3AB91AA2D122}.Debug|Any CPU.ActiveCfg = Debug|Any CPU
		{12AE4B0E-AFBF-4783-9F8E-3AB91AA2D122}.Debug|Any CPU.Build.0 = Debug|Any CPU
		{12AE4B0E-AFBF-4783-9F8E-3AB91AA2D122}.Debug|x64.ActiveCfg = Debug|Any CPU
		{12AE4B0E-AFBF-4783-9F8E-3AB91AA2D122}.Debug|x64.Build.0 = Debug|Any CPU
		{12AE4B0E-AFBF-4783-9F8E-3AB91AA2D122}.Debug|x86.ActiveCfg = Debug|Any CPU
		{12AE4B0E-AFBF-4783-9F8E-3AB91AA2D122}.Debug|x86.Build.0 = Debug|Any CPU
		{12AE4B0E-AFBF-4783-9F8E-3AB91AA2D122}.Release|Any CPU.ActiveCfg = Release|Any CPU
		{12AE4B0E-AFBF-4783-9F8E-3AB91AA2D122}.Release|Any CPU.Build.0 = Release|Any CPU
		{12AE4B0E-AFBF-4783-9F8E-3AB91AA2D122}.Release|x64.ActiveCfg = Release|Any CPU
		{12AE4B0E-AFBF-4783-9F8E-3AB91AA2D122}.Release|x64.Build.0 = Release|Any CPU
		{12AE4B0E-AFBF-4783-9F8E-3AB91AA2D122}.Release|x86.ActiveCfg = Release|Any CPU
		{12AE4B0E-AFBF-4783-9F8E-3AB91AA2D122}.Release|x86.Build.0 = Release|Any CPU
		{BFA4BDEC-BDBB-4932-948B-AE01F52AAAF6}.Debug|Any CPU.ActiveCfg = Debug|Any CPU
		{BFA4BDEC-BDBB-4932-948B-AE01F52AAAF6}.Debug|Any CPU.Build.0 = Debug|Any CPU
		{BFA4BDEC-BDBB-4932-948B-AE01F52AAAF6}.Debug|x64.ActiveCfg = Debug|Any CPU
		{BFA4BDEC-BDBB-4932-948B-AE01F52AAAF6}.Debug|x64.Build.0 = Debug|Any CPU
		{BFA4BDEC-BDBB-4932-948B-AE01F52AAAF6}.Debug|x86.ActiveCfg = Debug|Any CPU
		{BFA4BDEC-BDBB-4932-948B-AE01F52AAAF6}.Debug|x86.Build.0 = Debug|Any CPU
		{BFA4BDEC-BDBB-4932-948B-AE01F52AAAF6}.Release|Any CPU.ActiveCfg = Release|Any CPU
		{BFA4BDEC-BDBB-4932-948B-AE01F52AAAF6}.Release|Any CPU.Build.0 = Release|Any CPU
		{BFA4BDEC-BDBB-4932-948B-AE01F52AAAF6}.Release|x64.ActiveCfg = Release|Any CPU
		{BFA4BDEC-BDBB-4932-948B-AE01F52AAAF6}.Release|x64.Build.0 = Release|Any CPU
		{BFA4BDEC-BDBB-4932-948B-AE01F52AAAF6}.Release|x86.ActiveCfg = Release|Any CPU
		{BFA4BDEC-BDBB-4932-948B-AE01F52AAAF6}.Release|x86.Build.0 = Release|Any CPU
		{E12C7D7F-3BD5-3A71-B824-98B088C320BB}.Debug|Any CPU.ActiveCfg = Debug|Any CPU
		{E12C7D7F-3BD5-3A71-B824-98B088C320BB}.Debug|Any CPU.Build.0 = Debug|Any CPU
		{E12C7D7F-3BD5-3A71-B824-98B088C320BB}.Debug|x64.ActiveCfg = Debug|Any CPU
		{E12C7D7F-3BD5-3A71-B824-98B088C320BB}.Debug|x64.Build.0 = Debug|Any CPU
		{E12C7D7F-3BD5-3A71-B824-98B088C320BB}.Debug|x86.ActiveCfg = Debug|Any CPU
		{E12C7D7F-3BD5-3A71-B824-98B088C320BB}.Debug|x86.Build.0 = Debug|Any CPU
		{E12C7D7F-3BD5-3A71-B824-98B088C320BB}.Release|Any CPU.ActiveCfg = Release|Any CPU
		{E12C7D7F-3BD5-3A71-B824-98B088C320BB}.Release|Any CPU.Build.0 = Release|Any CPU
		{E12C7D7F-3BD5-3A71-B824-98B088C320BB}.Release|x64.ActiveCfg = Release|Any CPU
		{E12C7D7F-3BD5-3A71-B824-98B088C320BB}.Release|x64.Build.0 = Release|Any CPU
		{E12C7D7F-3BD5-3A71-B824-98B088C320BB}.Release|x86.ActiveCfg = Release|Any CPU
		{E12C7D7F-3BD5-3A71-B824-98B088C320BB}.Release|x86.Build.0 = Release|Any CPU
		{EF6856B8-2858-C4D1-96BB-9E1D5526C3B5}.Debug|Any CPU.ActiveCfg = Debug|Any CPU
		{EF6856B8-2858-C4D1-96BB-9E1D5526C3B5}.Debug|Any CPU.Build.0 = Debug|Any CPU
		{EF6856B8-2858-C4D1-96BB-9E1D5526C3B5}.Debug|x64.ActiveCfg = Debug|Any CPU
		{EF6856B8-2858-C4D1-96BB-9E1D5526C3B5}.Debug|x64.Build.0 = Debug|Any CPU
		{EF6856B8-2858-C4D1-96BB-9E1D5526C3B5}.Debug|x86.ActiveCfg = Debug|Any CPU
		{EF6856B8-2858-C4D1-96BB-9E1D5526C3B5}.Debug|x86.Build.0 = Debug|Any CPU
		{EF6856B8-2858-C4D1-96BB-9E1D5526C3B5}.Release|Any CPU.ActiveCfg = Release|Any CPU
		{EF6856B8-2858-C4D1-96BB-9E1D5526C3B5}.Release|Any CPU.Build.0 = Release|Any CPU
		{EF6856B8-2858-C4D1-96BB-9E1D5526C3B5}.Release|x64.ActiveCfg = Release|Any CPU
		{EF6856B8-2858-C4D1-96BB-9E1D5526C3B5}.Release|x64.Build.0 = Release|Any CPU
		{EF6856B8-2858-C4D1-96BB-9E1D5526C3B5}.Release|x86.ActiveCfg = Release|Any CPU
		{EF6856B8-2858-C4D1-96BB-9E1D5526C3B5}.Release|x86.Build.0 = Release|Any CPU
		{F1A5B39D-64C6-45B9-A38E-250D4147BC22}.Debug|Any CPU.ActiveCfg = Debug|Any CPU
		{F1A5B39D-64C6-45B9-A38E-250D4147BC22}.Debug|Any CPU.Build.0 = Debug|Any CPU
		{F1A5B39D-64C6-45B9-A38E-250D4147BC22}.Debug|x64.ActiveCfg = Debug|Any CPU
		{F1A5B39D-64C6-45B9-A38E-250D4147BC22}.Debug|x64.Build.0 = Debug|Any CPU
		{F1A5B39D-64C6-45B9-A38E-250D4147BC22}.Debug|x86.ActiveCfg = Debug|Any CPU
		{F1A5B39D-64C6-45B9-A38E-250D4147BC22}.Debug|x86.Build.0 = Debug|Any CPU
		{F1A5B39D-64C6-45B9-A38E-250D4147BC22}.Release|Any CPU.ActiveCfg = Release|Any CPU
		{F1A5B39D-64C6-45B9-A38E-250D4147BC22}.Release|Any CPU.Build.0 = Release|Any CPU
		{F1A5B39D-64C6-45B9-A38E-250D4147BC22}.Release|x64.ActiveCfg = Release|Any CPU
		{F1A5B39D-64C6-45B9-A38E-250D4147BC22}.Release|x64.Build.0 = Release|Any CPU
		{F1A5B39D-64C6-45B9-A38E-250D4147BC22}.Release|x86.ActiveCfg = Release|Any CPU
		{F1A5B39D-64C6-45B9-A38E-250D4147BC22}.Release|x86.Build.0 = Release|Any CPU
		{C32ECC36-3F53-47D5-BB27-7B08BB4BABC5}.Debug|Any CPU.ActiveCfg = Debug|Any CPU
		{C32ECC36-3F53-47D5-BB27-7B08BB4BABC5}.Debug|Any CPU.Build.0 = Debug|Any CPU
		{C32ECC36-3F53-47D5-BB27-7B08BB4BABC5}.Debug|x64.ActiveCfg = Debug|Any CPU
		{C32ECC36-3F53-47D5-BB27-7B08BB4BABC5}.Debug|x64.Build.0 = Debug|Any CPU
		{C32ECC36-3F53-47D5-BB27-7B08BB4BABC5}.Debug|x86.ActiveCfg = Debug|Any CPU
		{C32ECC36-3F53-47D5-BB27-7B08BB4BABC5}.Debug|x86.Build.0 = Debug|Any CPU
		{C32ECC36-3F53-47D5-BB27-7B08BB4BABC5}.Release|Any CPU.ActiveCfg = Release|Any CPU
		{C32ECC36-3F53-47D5-BB27-7B08BB4BABC5}.Release|Any CPU.Build.0 = Release|Any CPU
		{C32ECC36-3F53-47D5-BB27-7B08BB4BABC5}.Release|x64.ActiveCfg = Release|Any CPU
		{C32ECC36-3F53-47D5-BB27-7B08BB4BABC5}.Release|x64.Build.0 = Release|Any CPU
		{C32ECC36-3F53-47D5-BB27-7B08BB4BABC5}.Release|x86.ActiveCfg = Release|Any CPU
		{C32ECC36-3F53-47D5-BB27-7B08BB4BABC5}.Release|x86.Build.0 = Release|Any CPU
		{4BBBFBE2-2DBF-4FCB-820C-A72E3545904B}.Debug|Any CPU.ActiveCfg = Debug|Any CPU
		{4BBBFBE2-2DBF-4FCB-820C-A72E3545904B}.Debug|Any CPU.Build.0 = Debug|Any CPU
		{4BBBFBE2-2DBF-4FCB-820C-A72E3545904B}.Debug|x64.ActiveCfg = Debug|Any CPU
		{4BBBFBE2-2DBF-4FCB-820C-A72E3545904B}.Debug|x64.Build.0 = Debug|Any CPU
		{4BBBFBE2-2DBF-4FCB-820C-A72E3545904B}.Debug|x86.ActiveCfg = Debug|Any CPU
		{4BBBFBE2-2DBF-4FCB-820C-A72E3545904B}.Debug|x86.Build.0 = Debug|Any CPU
		{4BBBFBE2-2DBF-4FCB-820C-A72E3545904B}.Release|Any CPU.ActiveCfg = Release|Any CPU
		{4BBBFBE2-2DBF-4FCB-820C-A72E3545904B}.Release|Any CPU.Build.0 = Release|Any CPU
		{4BBBFBE2-2DBF-4FCB-820C-A72E3545904B}.Release|x64.ActiveCfg = Release|Any CPU
		{4BBBFBE2-2DBF-4FCB-820C-A72E3545904B}.Release|x64.Build.0 = Release|Any CPU
		{4BBBFBE2-2DBF-4FCB-820C-A72E3545904B}.Release|x86.ActiveCfg = Release|Any CPU
		{4BBBFBE2-2DBF-4FCB-820C-A72E3545904B}.Release|x86.Build.0 = Release|Any CPU
		{B66F2DE6-0957-4C8F-86E8-964229BD227A}.Debug|Any CPU.ActiveCfg = Debug|Any CPU
		{B66F2DE6-0957-4C8F-86E8-964229BD227A}.Debug|Any CPU.Build.0 = Debug|Any CPU
		{B66F2DE6-0957-4C8F-86E8-964229BD227A}.Debug|x64.ActiveCfg = Debug|Any CPU
		{B66F2DE6-0957-4C8F-86E8-964229BD227A}.Debug|x64.Build.0 = Debug|Any CPU
		{B66F2DE6-0957-4C8F-86E8-964229BD227A}.Debug|x86.ActiveCfg = Debug|Any CPU
		{B66F2DE6-0957-4C8F-86E8-964229BD227A}.Debug|x86.Build.0 = Debug|Any CPU
		{B66F2DE6-0957-4C8F-86E8-964229BD227A}.Release|Any CPU.ActiveCfg = Release|Any CPU
		{B66F2DE6-0957-4C8F-86E8-964229BD227A}.Release|Any CPU.Build.0 = Release|Any CPU
		{B66F2DE6-0957-4C8F-86E8-964229BD227A}.Release|x64.ActiveCfg = Release|Any CPU
		{B66F2DE6-0957-4C8F-86E8-964229BD227A}.Release|x64.Build.0 = Release|Any CPU
		{B66F2DE6-0957-4C8F-86E8-964229BD227A}.Release|x86.ActiveCfg = Release|Any CPU
		{B66F2DE6-0957-4C8F-86E8-964229BD227A}.Release|x86.Build.0 = Release|Any CPU
		{2A31F818-51AC-40E0-9D6F-8B8568366908}.Debug|Any CPU.ActiveCfg = Debug|Any CPU
		{2A31F818-51AC-40E0-9D6F-8B8568366908}.Debug|Any CPU.Build.0 = Debug|Any CPU
		{2A31F818-51AC-40E0-9D6F-8B8568366908}.Debug|x64.ActiveCfg = Debug|Any CPU
		{2A31F818-51AC-40E0-9D6F-8B8568366908}.Debug|x64.Build.0 = Debug|Any CPU
		{2A31F818-51AC-40E0-9D6F-8B8568366908}.Debug|x86.ActiveCfg = Debug|Any CPU
		{2A31F818-51AC-40E0-9D6F-8B8568366908}.Debug|x86.Build.0 = Debug|Any CPU
		{2A31F818-51AC-40E0-9D6F-8B8568366908}.Release|Any CPU.ActiveCfg = Release|Any CPU
		{2A31F818-51AC-40E0-9D6F-8B8568366908}.Release|Any CPU.Build.0 = Release|Any CPU
		{2A31F818-51AC-40E0-9D6F-8B8568366908}.Release|x64.ActiveCfg = Release|Any CPU
		{2A31F818-51AC-40E0-9D6F-8B8568366908}.Release|x64.Build.0 = Release|Any CPU
		{2A31F818-51AC-40E0-9D6F-8B8568366908}.Release|x86.ActiveCfg = Release|Any CPU
		{2A31F818-51AC-40E0-9D6F-8B8568366908}.Release|x86.Build.0 = Release|Any CPU
		{E3018E8C-9772-4EB5-92F1-9C3EE0B0B0D6}.Debug|Any CPU.ActiveCfg = Debug|Any CPU
		{E3018E8C-9772-4EB5-92F1-9C3EE0B0B0D6}.Debug|Any CPU.Build.0 = Debug|Any CPU
		{E3018E8C-9772-4EB5-92F1-9C3EE0B0B0D6}.Debug|x64.ActiveCfg = Debug|Any CPU
		{E3018E8C-9772-4EB5-92F1-9C3EE0B0B0D6}.Debug|x64.Build.0 = Debug|Any CPU
		{E3018E8C-9772-4EB5-92F1-9C3EE0B0B0D6}.Debug|x86.ActiveCfg = Debug|Any CPU
		{E3018E8C-9772-4EB5-92F1-9C3EE0B0B0D6}.Debug|x86.Build.0 = Debug|Any CPU
		{E3018E8C-9772-4EB5-92F1-9C3EE0B0B0D6}.Release|Any CPU.ActiveCfg = Release|Any CPU
		{E3018E8C-9772-4EB5-92F1-9C3EE0B0B0D6}.Release|Any CPU.Build.0 = Release|Any CPU
		{E3018E8C-9772-4EB5-92F1-9C3EE0B0B0D6}.Release|x64.ActiveCfg = Release|Any CPU
		{E3018E8C-9772-4EB5-92F1-9C3EE0B0B0D6}.Release|x64.Build.0 = Release|Any CPU
		{E3018E8C-9772-4EB5-92F1-9C3EE0B0B0D6}.Release|x86.ActiveCfg = Release|Any CPU
		{E3018E8C-9772-4EB5-92F1-9C3EE0B0B0D6}.Release|x86.Build.0 = Release|Any CPU
		{22AF4EF4-DC94-4FF8-B6D0-1344111CB4E5}.Debug|Any CPU.ActiveCfg = Debug|Any CPU
		{22AF4EF4-DC94-4FF8-B6D0-1344111CB4E5}.Debug|Any CPU.Build.0 = Debug|Any CPU
		{22AF4EF4-DC94-4FF8-B6D0-1344111CB4E5}.Debug|x64.ActiveCfg = Debug|Any CPU
		{22AF4EF4-DC94-4FF8-B6D0-1344111CB4E5}.Debug|x64.Build.0 = Debug|Any CPU
		{22AF4EF4-DC94-4FF8-B6D0-1344111CB4E5}.Debug|x86.ActiveCfg = Debug|Any CPU
		{22AF4EF4-DC94-4FF8-B6D0-1344111CB4E5}.Debug|x86.Build.0 = Debug|Any CPU
		{22AF4EF4-DC94-4FF8-B6D0-1344111CB4E5}.Release|Any CPU.ActiveCfg = Release|Any CPU
		{22AF4EF4-DC94-4FF8-B6D0-1344111CB4E5}.Release|Any CPU.Build.0 = Release|Any CPU
		{22AF4EF4-DC94-4FF8-B6D0-1344111CB4E5}.Release|x64.ActiveCfg = Release|Any CPU
		{22AF4EF4-DC94-4FF8-B6D0-1344111CB4E5}.Release|x64.Build.0 = Release|Any CPU
		{22AF4EF4-DC94-4FF8-B6D0-1344111CB4E5}.Release|x86.ActiveCfg = Release|Any CPU
		{22AF4EF4-DC94-4FF8-B6D0-1344111CB4E5}.Release|x86.Build.0 = Release|Any CPU
		{BBD3EFE3-2FAA-B79C-3232-19105CD8D688}.Debug|Any CPU.ActiveCfg = Debug|Any CPU
		{BBD3EFE3-2FAA-B79C-3232-19105CD8D688}.Debug|Any CPU.Build.0 = Debug|Any CPU
		{BBD3EFE3-2FAA-B79C-3232-19105CD8D688}.Debug|x64.ActiveCfg = Debug|Any CPU
		{BBD3EFE3-2FAA-B79C-3232-19105CD8D688}.Debug|x64.Build.0 = Debug|Any CPU
		{BBD3EFE3-2FAA-B79C-3232-19105CD8D688}.Debug|x86.ActiveCfg = Debug|Any CPU
		{BBD3EFE3-2FAA-B79C-3232-19105CD8D688}.Debug|x86.Build.0 = Debug|Any CPU
		{BBD3EFE3-2FAA-B79C-3232-19105CD8D688}.Release|Any CPU.ActiveCfg = Release|Any CPU
		{BBD3EFE3-2FAA-B79C-3232-19105CD8D688}.Release|Any CPU.Build.0 = Release|Any CPU
		{BBD3EFE3-2FAA-B79C-3232-19105CD8D688}.Release|x64.ActiveCfg = Release|Any CPU
		{BBD3EFE3-2FAA-B79C-3232-19105CD8D688}.Release|x64.Build.0 = Release|Any CPU
		{BBD3EFE3-2FAA-B79C-3232-19105CD8D688}.Release|x86.ActiveCfg = Release|Any CPU
		{BBD3EFE3-2FAA-B79C-3232-19105CD8D688}.Release|x86.Build.0 = Release|Any CPU
		{F1E5A4C2-9B7F-4D2D-AC50-5EAF4496C1D9}.Debug|Any CPU.ActiveCfg = Debug|Any CPU
		{F1E5A4C2-9B7F-4D2D-AC50-5EAF4496C1D9}.Debug|Any CPU.Build.0 = Debug|Any CPU
		{F1E5A4C2-9B7F-4D2D-AC50-5EAF4496C1D9}.Debug|x64.ActiveCfg = Debug|Any CPU
		{F1E5A4C2-9B7F-4D2D-AC50-5EAF4496C1D9}.Debug|x64.Build.0 = Debug|Any CPU
		{F1E5A4C2-9B7F-4D2D-AC50-5EAF4496C1D9}.Debug|x86.ActiveCfg = Debug|Any CPU
		{F1E5A4C2-9B7F-4D2D-AC50-5EAF4496C1D9}.Debug|x86.Build.0 = Debug|Any CPU
		{F1E5A4C2-9B7F-4D2D-AC50-5EAF4496C1D9}.Release|Any CPU.ActiveCfg = Release|Any CPU
		{F1E5A4C2-9B7F-4D2D-AC50-5EAF4496C1D9}.Release|Any CPU.Build.0 = Release|Any CPU
		{F1E5A4C2-9B7F-4D2D-AC50-5EAF4496C1D9}.Release|x64.ActiveCfg = Release|Any CPU
		{F1E5A4C2-9B7F-4D2D-AC50-5EAF4496C1D9}.Release|x64.Build.0 = Release|Any CPU
		{F1E5A4C2-9B7F-4D2D-AC50-5EAF4496C1D9}.Release|x86.ActiveCfg = Release|Any CPU
		{F1E5A4C2-9B7F-4D2D-AC50-5EAF4496C1D9}.Release|x86.Build.0 = Release|Any CPU
		{71243F8B-C381-472B-AA87-A372A78436C8}.Debug|Any CPU.ActiveCfg = Debug|Any CPU
		{71243F8B-C381-472B-AA87-A372A78436C8}.Debug|Any CPU.Build.0 = Debug|Any CPU
		{71243F8B-C381-472B-AA87-A372A78436C8}.Debug|x64.ActiveCfg = Debug|Any CPU
		{71243F8B-C381-472B-AA87-A372A78436C8}.Debug|x64.Build.0 = Debug|Any CPU
		{71243F8B-C381-472B-AA87-A372A78436C8}.Debug|x86.ActiveCfg = Debug|Any CPU
		{71243F8B-C381-472B-AA87-A372A78436C8}.Debug|x86.Build.0 = Debug|Any CPU
		{71243F8B-C381-472B-AA87-A372A78436C8}.Release|Any CPU.ActiveCfg = Release|Any CPU
		{71243F8B-C381-472B-AA87-A372A78436C8}.Release|Any CPU.Build.0 = Release|Any CPU
		{71243F8B-C381-472B-AA87-A372A78436C8}.Release|x64.ActiveCfg = Release|Any CPU
		{71243F8B-C381-472B-AA87-A372A78436C8}.Release|x64.Build.0 = Release|Any CPU
		{71243F8B-C381-472B-AA87-A372A78436C8}.Release|x86.ActiveCfg = Release|Any CPU
		{71243F8B-C381-472B-AA87-A372A78436C8}.Release|x86.Build.0 = Release|Any CPU
		{A7765F7A-C25D-0F89-7708-E34019FACFB2}.Debug|Any CPU.ActiveCfg = Debug|Any CPU
		{A7765F7A-C25D-0F89-7708-E34019FACFB2}.Debug|Any CPU.Build.0 = Debug|Any CPU
		{A7765F7A-C25D-0F89-7708-E34019FACFB2}.Debug|x64.ActiveCfg = Debug|Any CPU
		{A7765F7A-C25D-0F89-7708-E34019FACFB2}.Debug|x64.Build.0 = Debug|Any CPU
		{A7765F7A-C25D-0F89-7708-E34019FACFB2}.Debug|x86.ActiveCfg = Debug|Any CPU
		{A7765F7A-C25D-0F89-7708-E34019FACFB2}.Debug|x86.Build.0 = Debug|Any CPU
		{A7765F7A-C25D-0F89-7708-E34019FACFB2}.Release|Any CPU.ActiveCfg = Release|Any CPU
		{A7765F7A-C25D-0F89-7708-E34019FACFB2}.Release|Any CPU.Build.0 = Release|Any CPU
		{A7765F7A-C25D-0F89-7708-E34019FACFB2}.Release|x64.ActiveCfg = Release|Any CPU
		{A7765F7A-C25D-0F89-7708-E34019FACFB2}.Release|x64.Build.0 = Release|Any CPU
		{A7765F7A-C25D-0F89-7708-E34019FACFB2}.Release|x86.ActiveCfg = Release|Any CPU
		{A7765F7A-C25D-0F89-7708-E34019FACFB2}.Release|x86.Build.0 = Release|Any CPU
	EndGlobalSection
	GlobalSection(SolutionProperties) = preSolution
		HideSolutionNode = FALSE
	EndGlobalSection
	GlobalSection(NestedProjects) = preSolution
		{12AE4B0E-AFBF-4783-9F8E-3AB91AA2D122} = {02EA681E-C7D8-13C7-8484-4AC65E1B71E8}
		{BFA4BDEC-BDBB-4932-948B-AE01F52AAAF6} = {02EA681E-C7D8-13C7-8484-4AC65E1B71E8}
		{E12C7D7F-3BD5-3A71-B824-98B088C320BB} = {02EA681E-C7D8-13C7-8484-4AC65E1B71E8}
		{EF6856B8-2858-C4D1-96BB-9E1D5526C3B5} = {02EA681E-C7D8-13C7-8484-4AC65E1B71E8}
		{F1A5B39D-64C6-45B9-A38E-250D4147BC22} = {02EA681E-C7D8-13C7-8484-4AC65E1B71E8}
		{C32ECC36-3F53-47D5-BB27-7B08BB4BABC5} = {02EA681E-C7D8-13C7-8484-4AC65E1B71E8}
		{4BBBFBE2-2DBF-4FCB-820C-A72E3545904B} = {02EA681E-C7D8-13C7-8484-4AC65E1B71E8}
		{B66F2DE6-0957-4C8F-86E8-964229BD227A} = {0AB3BF05-4346-4AA6-1389-037BE0695223}
		{2A31F818-51AC-40E0-9D6F-8B8568366908} = {0AB3BF05-4346-4AA6-1389-037BE0695223}
		{E3018E8C-9772-4EB5-92F1-9C3EE0B0B0D6} = {0AB3BF05-4346-4AA6-1389-037BE0695223}
		{22AF4EF4-DC94-4FF8-B6D0-1344111CB4E5} = {0AB3BF05-4346-4AA6-1389-037BE0695223}
		{BBD3EFE3-2FAA-B79C-3232-19105CD8D688} = {02EA681E-C7D8-13C7-8484-4AC65E1B71E8}
		{F1E5A4C2-9B7F-4D2D-AC50-5EAF4496C1D9} = {02EA681E-C7D8-13C7-8484-4AC65E1B71E8}
		{71243F8B-C381-472B-AA87-A372A78436C8} = {02EA681E-C7D8-13C7-8484-4AC65E1B71E8}
		{A7765F7A-C25D-0F89-7708-E34019FACFB2} = {0AB3BF05-4346-4AA6-1389-037BE0695223}
	EndGlobalSection
	GlobalSection(ExtensibilityGlobals) = postSolution
		SolutionGuid = {EC4EE561-E962-4E0D-A136-41DD12E8EE89}
	EndGlobalSection
EndGlobal
